// !$*UTF8*$!
{
	archiveVersion = 1;
	classes = {
	};
	objectVersion = 77;
	objects = {

/* Begin PBXBuildFile section */
		411218F82E74AAAD000DD102 /* Assets.xcassets in Resources */ = {isa = PBXBuildFile; fileRef = 411218F42E74AAAD000DD102 /* Assets.xcassets */; };
		411218F92E74AAAD000DD102 /* NoteService.swift in Sources */ = {isa = PBXBuildFile; fileRef = 411218DD2E74AAAD000DD102 /* NoteService.swift */; };
		411218FA2E74AAAD000DD102 /* ContentView.swift in Sources */ = {isa = PBXBuildFile; fileRef = 411218F52E74AAAD000DD102 /* ContentView.swift */; };
		411218FB2E74AAAD000DD102 /* EmptyStateView.swift in Sources */ = {isa = PBXBuildFile; fileRef = 411218F02E74AAAD000DD102 /* EmptyStateView.swift */; };
		411218FE2E74AAAD000DD102 /* NotesListView.swift in Sources */ = {isa = PBXBuildFile; fileRef = 411218EB2E74AAAD000DD102 /* NotesListView.swift */; };
		411219002E74AAAD000DD102 /* SignupView.swift in Sources */ = {isa = PBXBuildFile; fileRef = 411218E82E74AAAD000DD102 /* SignupView.swift */; };
		411219012E74AAAD000DD102 /* Colors.swift in Sources */ = {isa = PBXBuildFile; fileRef = 411218D92E74AAAD000DD102 /* Colors.swift */; };
		411219022E74AAAD000DD102 /* AuthViewModel.swift in Sources */ = {isa = PBXBuildFile; fileRef = 411218E32E74AAAD000DD102 /* AuthViewModel.swift */; };
		411219042E74AAAD000DD102 /* TokenManager.swift in Sources */ = {isa = PBXBuildFile; fileRef = 411218DE2E74AAAD000DD102 /* TokenManager.swift */; };
		411219052E74AAAD000DD102 /* NoteEditorView.swift in Sources */ = {isa = PBXBuildFile; fileRef = 411218EA2E74AAAD000DD102 /* NoteEditorView.swift */; };
		411219072E74AAAD000DD102 /* User.swift in Sources */ = {isa = PBXBuildFile; fileRef = 411218D22E74AAAD000DD102 /* User.swift */; };
		411219092E74AAAD000DD102 /* IntroView.swift in Sources */ = {isa = PBXBuildFile; fileRef = 411218E62E74AAAD000DD102 /* IntroView.swift */; };
		4112190A2E74AAAD000DD102 /* Note.swift in Sources */ = {isa = PBXBuildFile; fileRef = 411218CF2E74AAAD000DD102 /* Note.swift */; };
		4112190B2E74AAAD000DD102 /* AuthToken.swift in Sources */ = {isa = PBXBuildFile; fileRef = 411218CE2E74AAAD000DD102 /* AuthToken.swift */; };
		4112190C2E74AAAD000DD102 /* TokenResponse.swift in Sources */ = {isa = PBXBuildFile; fileRef = 411218D12E74AAAD000DD102 /* TokenResponse.swift */; };
		4112190D2E74AAAD000DD102 /* AuthService.swift in Sources */ = {isa = PBXBuildFile; fileRef = 411218DC2E74AAAD000DD102 /* AuthService.swift */; };
		4112190E2E74AAAD000DD102 /* SimpleNoteApp.swift in Sources */ = {isa = PBXBuildFile; fileRef = 411218F62E74AAAD000DD102 /* SimpleNoteApp.swift */; };
		4112190F2E74AAAD000DD102 /* LoginView.swift in Sources */ = {isa = PBXBuildFile; fileRef = 411218E72E74AAAD000DD102 /* LoginView.swift */; };
		411219102E74AAAD000DD102 /* PreviewHelpers.swift in Sources */ = {isa = PBXBuildFile; fileRef = 411218E12E74AAAD000DD102 /* PreviewHelpers.swift */; };
		411219112E74AAAD000DD102 /* ProfileView.swift in Sources */ = {isa = PBXBuildFile; fileRef = 411218EE2E74AAAD000DD102 /* ProfileView.swift */; };
		411219122E74AAAD000DD102 /* NotesViewModel.swift in Sources */ = {isa = PBXBuildFile; fileRef = 411218E42E74AAAD000DD102 /* NotesViewModel.swift */; };
		411219142E74AAAD000DD102 /* NetworkError.swift in Sources */ = {isa = PBXBuildFile; fileRef = 411218D42E74AAAD000DD102 /* NetworkError.swift */; };
		411219152E74AAAD000DD102 /* ChangePasswordView.swift in Sources */ = {isa = PBXBuildFile; fileRef = 411218ED2E74AAAD000DD102 /* ChangePasswordView.swift */; };
		411219162E74AAAD000DD102 /* LoadingView.swift in Sources */ = {isa = PBXBuildFile; fileRef = 411218F12E74AAAD000DD102 /* LoadingView.swift */; };
		4112191B2E74AD64000DD102 /* RemoteNote.swift in Sources */ = {isa = PBXBuildFile; fileRef = 4112191A2E74AD64000DD102 /* RemoteNote.swift */; };
/* End PBXBuildFile section */

/* Begin PBXContainerItemProxy section */
		4171A8622E203B5B0072A6EA /* PBXContainerItemProxy */ = {
			isa = PBXContainerItemProxy;
			containerPortal = 4171A84C2E203B590072A6EA /* Project object */;
			proxyType = 1;
			remoteGlobalIDString = 4171A8532E203B590072A6EA;
			remoteInfo = SimpleNote;
		};
		4171A86C2E203B5B0072A6EA /* PBXContainerItemProxy */ = {
			isa = PBXContainerItemProxy;
			containerPortal = 4171A84C2E203B590072A6EA /* Project object */;
			proxyType = 1;
			remoteGlobalIDString = 4171A8532E203B590072A6EA;
			remoteInfo = SimpleNote;
		};
/* End PBXContainerItemProxy section */

/* Begin PBXFileReference section */
		411218CE2E74AAAD000DD102 /* AuthToken.swift */ = {isa = PBXFileReference; lastKnownFileType = sourcecode.swift; path = AuthToken.swift; sourceTree = "<group>"; };
		411218CF2E74AAAD000DD102 /* Note.swift */ = {isa = PBXFileReference; lastKnownFileType = sourcecode.swift; path = Note.swift; sourceTree = "<group>"; };
		411218D12E74AAAD000DD102 /* TokenResponse.swift */ = {isa = PBXFileReference; lastKnownFileType = sourcecode.swift; path = TokenResponse.swift; sourceTree = "<group>"; };
		411218D22E74AAAD000DD102 /* User.swift */ = {isa = PBXFileReference; lastKnownFileType = sourcecode.swift; path = User.swift; sourceTree = "<group>"; };
		411218D42E74AAAD000DD102 /* NetworkError.swift */ = {isa = PBXFileReference; lastKnownFileType = sourcecode.swift; path = NetworkError.swift; sourceTree = "<group>"; };
		411218D92E74AAAD000DD102 /* Colors.swift */ = {isa = PBXFileReference; lastKnownFileType = sourcecode.swift; path = Colors.swift; sourceTree = "<group>"; };
		411218DC2E74AAAD000DD102 /* AuthService.swift */ = {isa = PBXFileReference; lastKnownFileType = sourcecode.swift; path = AuthService.swift; sourceTree = "<group>"; };
		411218DD2E74AAAD000DD102 /* NoteService.swift */ = {isa = PBXFileReference; lastKnownFileType = sourcecode.swift; path = NoteService.swift; sourceTree = "<group>"; };
		411218DE2E74AAAD000DD102 /* TokenManager.swift */ = {isa = PBXFileReference; lastKnownFileType = sourcecode.swift; path = TokenManager.swift; sourceTree = "<group>"; };
		411218E12E74AAAD000DD102 /* PreviewHelpers.swift */ = {isa = PBXFileReference; lastKnownFileType = sourcecode.swift; path = PreviewHelpers.swift; sourceTree = "<group>"; };
		411218E32E74AAAD000DD102 /* AuthViewModel.swift */ = {isa = PBXFileReference; lastKnownFileType = sourcecode.swift; path = AuthViewModel.swift; sourceTree = "<group>"; };
		411218E42E74AAAD000DD102 /* NotesViewModel.swift */ = {isa = PBXFileReference; lastKnownFileType = sourcecode.swift; path = NotesViewModel.swift; sourceTree = "<group>"; };
		411218E62E74AAAD000DD102 /* IntroView.swift */ = {isa = PBXFileReference; lastKnownFileType = sourcecode.swift; path = IntroView.swift; sourceTree = "<group>"; };
		411218E72E74AAAD000DD102 /* LoginView.swift */ = {isa = PBXFileReference; lastKnownFileType = sourcecode.swift; path = LoginView.swift; sourceTree = "<group>"; };
		411218E82E74AAAD000DD102 /* SignupView.swift */ = {isa = PBXFileReference; lastKnownFileType = sourcecode.swift; path = SignupView.swift; sourceTree = "<group>"; };
		411218EA2E74AAAD000DD102 /* NoteEditorView.swift */ = {isa = PBXFileReference; lastKnownFileType = sourcecode.swift; path = NoteEditorView.swift; sourceTree = "<group>"; };
		411218EB2E74AAAD000DD102 /* NotesListView.swift */ = {isa = PBXFileReference; lastKnownFileType = sourcecode.swift; path = NotesListView.swift; sourceTree = "<group>"; };
		411218ED2E74AAAD000DD102 /* ChangePasswordView.swift */ = {isa = PBXFileReference; lastKnownFileType = sourcecode.swift; path = ChangePasswordView.swift; sourceTree = "<group>"; };
		411218EE2E74AAAD000DD102 /* ProfileView.swift */ = {isa = PBXFileReference; lastKnownFileType = sourcecode.swift; path = ProfileView.swift; sourceTree = "<group>"; };
		411218F02E74AAAD000DD102 /* EmptyStateView.swift */ = {isa = PBXFileReference; lastKnownFileType = sourcecode.swift; path = EmptyStateView.swift; sourceTree = "<group>"; };
		411218F12E74AAAD000DD102 /* LoadingView.swift */ = {isa = PBXFileReference; lastKnownFileType = sourcecode.swift; path = LoadingView.swift; sourceTree = "<group>"; };
		411218F42E74AAAD000DD102 /* Assets.xcassets */ = {isa = PBXFileReference; lastKnownFileType = folder.assetcatalog; path = Assets.xcassets; sourceTree = "<group>"; };
		411218F52E74AAAD000DD102 /* ContentView.swift */ = {isa = PBXFileReference; lastKnownFileType = sourcecode.swift; path = ContentView.swift; sourceTree = "<group>"; };
		411218F62E74AAAD000DD102 /* SimpleNoteApp.swift */ = {isa = PBXFileReference; lastKnownFileType = sourcecode.swift; path = SimpleNoteApp.swift; sourceTree = "<group>"; };
		4112191A2E74AD64000DD102 /* RemoteNote.swift */ = {isa = PBXFileReference; lastKnownFileType = sourcecode.swift; path = RemoteNote.swift; sourceTree = "<group>"; };
		4171A8542E203B590072A6EA /* SimpleNote.app */ = {isa = PBXFileReference; explicitFileType = wrapper.application; includeInIndex = 0; path = SimpleNote.app; sourceTree = BUILT_PRODUCTS_DIR; };
		4171A8612E203B5B0072A6EA /* SimpleNoteTests.xctest */ = {isa = PBXFileReference; explicitFileType = wrapper.cfbundle; includeInIndex = 0; path = SimpleNoteTests.xctest; sourceTree = BUILT_PRODUCTS_DIR; };
		4171A86B2E203B5B0072A6EA /* SimpleNoteUITests.xctest */ = {isa = PBXFileReference; explicitFileType = wrapper.cfbundle; includeInIndex = 0; path = SimpleNoteUITests.xctest; sourceTree = BUILT_PRODUCTS_DIR; };
/* End PBXFileReference section */

/* Begin PBXFileSystemSynchronizedRootGroup section */
		411219172E74AAC5000DD102 /* Repositories */ = {
			isa = PBXFileSystemSynchronizedRootGroup;
			path = Repositories;
			sourceTree = "<group>";
		};
		4171A8642E203B5B0072A6EA /* SimpleNoteTests */ = {
			isa = PBXFileSystemSynchronizedRootGroup;
			path = SimpleNoteTests;
			sourceTree = "<group>";
		};
		4171A86E2E203B5B0072A6EA /* SimpleNoteUITests */ = {
			isa = PBXFileSystemSynchronizedRootGroup;
			path = SimpleNoteUITests;
			sourceTree = "<group>";
		};
/* End PBXFileSystemSynchronizedRootGroup section */

/* Begin PBXFrameworksBuildPhase section */
		4171A8512E203B590072A6EA /* Frameworks */ = {
			isa = PBXFrameworksBuildPhase;
			buildActionMask = 2147483647;
			files = (
			);
			runOnlyForDeploymentPostprocessing = 0;
		};
		4171A85E2E203B5B0072A6EA /* Frameworks */ = {
			isa = PBXFrameworksBuildPhase;
			buildActionMask = 2147483647;
			files = (
			);
			runOnlyForDeploymentPostprocessing = 0;
		};
		4171A8682E203B5B0072A6EA /* Frameworks */ = {
			isa = PBXFrameworksBuildPhase;
			buildActionMask = 2147483647;
			files = (
			);
			runOnlyForDeploymentPostprocessing = 0;
		};
/* End PBXFrameworksBuildPhase section */

/* Begin PBXGroup section */
		411218D32E74AAAD000DD102 /* Models */ = {
			isa = PBXGroup;
			children = (
				411218CE2E74AAAD000DD102 /* AuthToken.swift */,
				411218CF2E74AAAD000DD102 /* Note.swift */,
				411218D12E74AAAD000DD102 /* TokenResponse.swift */,
				411218D22E74AAAD000DD102 /* User.swift */,
				4112191A2E74AD64000DD102 /* RemoteNote.swift */,
			);
			path = Models;
			sourceTree = "<group>";
		};
		411218D52E74AAAD000DD102 /* Networking */ = {
			isa = PBXGroup;
			children = (
				411218D42E74AAAD000DD102 /* NetworkError.swift */,
			);
			path = Networking;
			sourceTree = "<group>";
		};
		411218DA2E74AAAD000DD102 /* Resources */ = {
			isa = PBXGroup;
			children = (
				411218D92E74AAAD000DD102 /* Colors.swift */,
			);
			path = Resources;
			sourceTree = "<group>";
		};
		411218DF2E74AAAD000DD102 /* Services */ = {
			isa = PBXGroup;
			children = (
				411218DC2E74AAAD000DD102 /* AuthService.swift */,
				411218DD2E74AAAD000DD102 /* NoteService.swift */,
				411218DE2E74AAAD000DD102 /* TokenManager.swift */,
			);
			path = Services;
			sourceTree = "<group>";
		};
		411218E22E74AAAD000DD102 /* Utils */ = {
			isa = PBXGroup;
			children = (
				411218E12E74AAAD000DD102 /* PreviewHelpers.swift */,
			);
			path = Utils;
			sourceTree = "<group>";
		};
		411218E52E74AAAD000DD102 /* ViewModels */ = {
			isa = PBXGroup;
			children = (
				411218E32E74AAAD000DD102 /* AuthViewModel.swift */,
				411218E42E74AAAD000DD102 /* NotesViewModel.swift */,
			);
			path = ViewModels;
			sourceTree = "<group>";
		};
		411218E92E74AAAD000DD102 /* Login */ = {
			isa = PBXGroup;
			children = (
				411218E62E74AAAD000DD102 /* IntroView.swift */,
				411218E72E74AAAD000DD102 /* LoginView.swift */,
				411218E82E74AAAD000DD102 /* SignupView.swift */,
			);
			path = Login;
			sourceTree = "<group>";
		};
		411218EC2E74AAAD000DD102 /* Notes */ = {
			isa = PBXGroup;
			children = (
				411218EA2E74AAAD000DD102 /* NoteEditorView.swift */,
				411218EB2E74AAAD000DD102 /* NotesListView.swift */,
			);
			path = Notes;
			sourceTree = "<group>";
		};
		411218EF2E74AAAD000DD102 /* Profile */ = {
			isa = PBXGroup;
			children = (
				411218ED2E74AAAD000DD102 /* ChangePasswordView.swift */,
				411218EE2E74AAAD000DD102 /* ProfileView.swift */,
			);
			path = Profile;
			sourceTree = "<group>";
		};
		411218F22E74AAAD000DD102 /* Shared */ = {
			isa = PBXGroup;
			children = (
				411218F02E74AAAD000DD102 /* EmptyStateView.swift */,
				411218F12E74AAAD000DD102 /* LoadingView.swift */,
			);
			path = Shared;
			sourceTree = "<group>";
		};
		411218F32E74AAAD000DD102 /* Views */ = {
			isa = PBXGroup;
			children = (
				411218E92E74AAAD000DD102 /* Login */,
				411218EC2E74AAAD000DD102 /* Notes */,
				411218EF2E74AAAD000DD102 /* Profile */,
				411218F22E74AAAD000DD102 /* Shared */,
			);
			path = Views;
			sourceTree = "<group>";
		};
		411218F72E74AAAD000DD102 /* SimpleNote */ = {
			isa = PBXGroup;
			children = (
				411219172E74AAC5000DD102 /* Repositories */,
				411218D32E74AAAD000DD102 /* Models */,
				411218D52E74AAAD000DD102 /* Networking */,
				411218DA2E74AAAD000DD102 /* Resources */,
				411218DF2E74AAAD000DD102 /* Services */,
				411218E22E74AAAD000DD102 /* Utils */,
				411218E52E74AAAD000DD102 /* ViewModels */,
				411218F32E74AAAD000DD102 /* Views */,
				411218F42E74AAAD000DD102 /* Assets.xcassets */,
				411218F52E74AAAD000DD102 /* ContentView.swift */,
				411218F62E74AAAD000DD102 /* SimpleNoteApp.swift */,
			);
			path = SimpleNote;
			sourceTree = "<group>";
		};
		4171A84B2E203B590072A6EA = {
			isa = PBXGroup;
			children = (
				411218F72E74AAAD000DD102 /* SimpleNote */,
				4171A8642E203B5B0072A6EA /* SimpleNoteTests */,
				4171A86E2E203B5B0072A6EA /* SimpleNoteUITests */,
				4171A8552E203B590072A6EA /* Products */,
			);
			sourceTree = "<group>";
		};
		4171A8552E203B590072A6EA /* Products */ = {
			isa = PBXGroup;
			children = (
				4171A8542E203B590072A6EA /* SimpleNote.app */,
				4171A8612E203B5B0072A6EA /* SimpleNoteTests.xctest */,
				4171A86B2E203B5B0072A6EA /* SimpleNoteUITests.xctest */,
			);
			name = Products;
			sourceTree = "<group>";
		};
/* End PBXGroup section */

/* Begin PBXNativeTarget section */
		4171A8532E203B590072A6EA /* SimpleNote */ = {
			isa = PBXNativeTarget;
			buildConfigurationList = 4171A8752E203B5B0072A6EA /* Build configuration list for PBXNativeTarget "SimpleNote" */;
			buildPhases = (
				4171A8502E203B590072A6EA /* Sources */,
				4171A8512E203B590072A6EA /* Frameworks */,
				4171A8522E203B590072A6EA /* Resources */,
			);
			buildRules = (
			);
			dependencies = (
			);
			fileSystemSynchronizedGroups = (
				411219172E74AAC5000DD102 /* Repositories */,
			);
			name = SimpleNote;
			packageProductDependencies = (
			);
			productName = SimpleNote;
			productReference = 4171A8542E203B590072A6EA /* SimpleNote.app */;
			productType = "com.apple.product-type.application";
		};
		4171A8602E203B5B0072A6EA /* SimpleNoteTests */ = {
			isa = PBXNativeTarget;
			buildConfigurationList = 4171A8782E203B5B0072A6EA /* Build configuration list for PBXNativeTarget "SimpleNoteTests" */;
			buildPhases = (
				4171A85D2E203B5B0072A6EA /* Sources */,
				4171A85E2E203B5B0072A6EA /* Frameworks */,
				4171A85F2E203B5B0072A6EA /* Resources */,
			);
			buildRules = (
			);
			dependencies = (
				4171A8632E203B5B0072A6EA /* PBXTargetDependency */,
			);
			fileSystemSynchronizedGroups = (
				4171A8642E203B5B0072A6EA /* SimpleNoteTests */,
			);
			name = SimpleNoteTests;
			packageProductDependencies = (
			);
			productName = SimpleNoteTests;
			productReference = 4171A8612E203B5B0072A6EA /* SimpleNoteTests.xctest */;
			productType = "com.apple.product-type.bundle.unit-test";
		};
		4171A86A2E203B5B0072A6EA /* SimpleNoteUITests */ = {
			isa = PBXNativeTarget;
			buildConfigurationList = 4171A87B2E203B5B0072A6EA /* Build configuration list for PBXNativeTarget "SimpleNoteUITests" */;
			buildPhases = (
				4171A8672E203B5B0072A6EA /* Sources */,
				4171A8682E203B5B0072A6EA /* Frameworks */,
				4171A8692E203B5B0072A6EA /* Resources */,
			);
			buildRules = (
			);
			dependencies = (
				4171A86D2E203B5B0072A6EA /* PBXTargetDependency */,
			);
			fileSystemSynchronizedGroups = (
				4171A86E2E203B5B0072A6EA /* SimpleNoteUITests */,
			);
			name = SimpleNoteUITests;
			packageProductDependencies = (
			);
			productName = SimpleNoteUITests;
			productReference = 4171A86B2E203B5B0072A6EA /* SimpleNoteUITests.xctest */;
			productType = "com.apple.product-type.bundle.ui-testing";
		};
/* End PBXNativeTarget section */

/* Begin PBXProject section */
		4171A84C2E203B590072A6EA /* Project object */ = {
			isa = PBXProject;
			attributes = {
				BuildIndependentTargetsInParallel = 1;
				LastSwiftUpdateCheck = 1640;
				LastUpgradeCheck = 1640;
				TargetAttributes = {
					4171A8532E203B590072A6EA = {
						CreatedOnToolsVersion = 16.4;
					};
					4171A8602E203B5B0072A6EA = {
						CreatedOnToolsVersion = 16.4;
						TestTargetID = 4171A8532E203B590072A6EA;
					};
					4171A86A2E203B5B0072A6EA = {
						CreatedOnToolsVersion = 16.4;
						TestTargetID = 4171A8532E203B590072A6EA;
					};
				};
			};
			buildConfigurationList = 4171A84F2E203B590072A6EA /* Build configuration list for PBXProject "SimpleNote" */;
			developmentRegion = en;
			hasScannedForEncodings = 0;
			knownRegions = (
				en,
				Base,
			);
			mainGroup = 4171A84B2E203B590072A6EA;
			minimizedProjectReferenceProxies = 1;
			preferredProjectObjectVersion = 77;
			productRefGroup = 4171A8552E203B590072A6EA /* Products */;
			projectDirPath = "";
			projectRoot = "";
			targets = (
				4171A8532E203B590072A6EA /* SimpleNote */,
				4171A8602E203B5B0072A6EA /* SimpleNoteTests */,
				4171A86A2E203B5B0072A6EA /* SimpleNoteUITests */,
			);
		};
/* End PBXProject section */

/* Begin PBXResourcesBuildPhase section */
		4171A8522E203B590072A6EA /* Resources */ = {
			isa = PBXResourcesBuildPhase;
			buildActionMask = 2147483647;
			files = (
				411218F82E74AAAD000DD102 /* Assets.xcassets in Resources */,
			);
			runOnlyForDeploymentPostprocessing = 0;
		};
		4171A85F2E203B5B0072A6EA /* Resources */ = {
			isa = PBXResourcesBuildPhase;
			buildActionMask = 2147483647;
			files = (
			);
			runOnlyForDeploymentPostprocessing = 0;
		};
		4171A8692E203B5B0072A6EA /* Resources */ = {
			isa = PBXResourcesBuildPhase;
			buildActionMask = 2147483647;
			files = (
			);
			runOnlyForDeploymentPostprocessing = 0;
		};
/* End PBXResourcesBuildPhase section */

/* Begin PBXSourcesBuildPhase section */
		4171A8502E203B590072A6EA /* Sources */ = {
			isa = PBXSourcesBuildPhase;
			buildActionMask = 2147483647;
			files = (
				411218F92E74AAAD000DD102 /* NoteService.swift in Sources */,
				411218FA2E74AAAD000DD102 /* ContentView.swift in Sources */,
				411218FB2E74AAAD000DD102 /* EmptyStateView.swift in Sources */,
				411218FE2E74AAAD000DD102 /* NotesListView.swift in Sources */,
				411219002E74AAAD000DD102 /* SignupView.swift in Sources */,
				411219012E74AAAD000DD102 /* Colors.swift in Sources */,
				411219022E74AAAD000DD102 /* AuthViewModel.swift in Sources */,
				411219042E74AAAD000DD102 /* TokenManager.swift in Sources */,
				411219052E74AAAD000DD102 /* NoteEditorView.swift in Sources */,
				4112191B2E74AD64000DD102 /* RemoteNote.swift in Sources */,
				411219072E74AAAD000DD102 /* User.swift in Sources */,
				411219092E74AAAD000DD102 /* IntroView.swift in Sources */,
				4112190A2E74AAAD000DD102 /* Note.swift in Sources */,
				4112190B2E74AAAD000DD102 /* AuthToken.swift in Sources */,
				4112190C2E74AAAD000DD102 /* TokenResponse.swift in Sources */,
				4112190D2E74AAAD000DD102 /* AuthService.swift in Sources */,
				4112190E2E74AAAD000DD102 /* SimpleNoteApp.swift in Sources */,
				4112190F2E74AAAD000DD102 /* LoginView.swift in Sources */,
				411219102E74AAAD000DD102 /* PreviewHelpers.swift in Sources */,
				411219112E74AAAD000DD102 /* ProfileView.swift in Sources */,
				411219122E74AAAD000DD102 /* NotesViewModel.swift in Sources */,
				411219142E74AAAD000DD102 /* NetworkError.swift in Sources */,
				411219152E74AAAD000DD102 /* ChangePasswordView.swift in Sources */,
				411219162E74AAAD000DD102 /* LoadingView.swift in Sources */,
			);
			runOnlyForDeploymentPostprocessing = 0;
		};
		4171A85D2E203B5B0072A6EA /* Sources */ = {
			isa = PBXSourcesBuildPhase;
			buildActionMask = 2147483647;
			files = (
			);
			runOnlyForDeploymentPostprocessing = 0;
		};
		4171A8672E203B5B0072A6EA /* Sources */ = {
			isa = PBXSourcesBuildPhase;
			buildActionMask = 2147483647;
			files = (
			);
			runOnlyForDeploymentPostprocessing = 0;
		};
/* End PBXSourcesBuildPhase section */

/* Begin PBXTargetDependency section */
		4171A8632E203B5B0072A6EA /* PBXTargetDependency */ = {
			isa = PBXTargetDependency;
			target = 4171A8532E203B590072A6EA /* SimpleNote */;
			targetProxy = 4171A8622E203B5B0072A6EA /* PBXContainerItemProxy */;
		};
		4171A86D2E203B5B0072A6EA /* PBXTargetDependency */ = {
			isa = PBXTargetDependency;
			target = 4171A8532E203B590072A6EA /* SimpleNote */;
			targetProxy = 4171A86C2E203B5B0072A6EA /* PBXContainerItemProxy */;
		};
/* End PBXTargetDependency section */

/* Begin XCBuildConfiguration section */
		4171A8732E203B5B0072A6EA /* Debug */ = {
			isa = XCBuildConfiguration;
			buildSettings = {
				ALWAYS_SEARCH_USER_PATHS = NO;
				ASSETCATALOG_COMPILER_GENERATE_SWIFT_ASSET_SYMBOL_EXTENSIONS = YES;
				CLANG_ANALYZER_NONNULL = YES;
				CLANG_ANALYZER_NUMBER_OBJECT_CONVERSION = YES_AGGRESSIVE;
				CLANG_CXX_LANGUAGE_STANDARD = "gnu++20";
				CLANG_ENABLE_MODULES = YES;
				CLANG_ENABLE_OBJC_ARC = YES;
				CLANG_ENABLE_OBJC_WEAK = YES;
				CLANG_WARN_BLOCK_CAPTURE_AUTORELEASING = YES;
				CLANG_WARN_BOOL_CONVERSION = YES;
				CLANG_WARN_COMMA = YES;
				CLANG_WARN_CONSTANT_CONVERSION = YES;
				CLANG_WARN_DEPRECATED_OBJC_IMPLEMENTATIONS = YES;
				CLANG_WARN_DIRECT_OBJC_ISA_USAGE = YES_ERROR;
				CLANG_WARN_DOCUMENTATION_COMMENTS = YES;
				CLANG_WARN_EMPTY_BODY = YES;
				CLANG_WARN_ENUM_CONVERSION = YES;
				CLANG_WARN_INFINITE_RECURSION = YES;
				CLANG_WARN_INT_CONVERSION = YES;
				CLANG_WARN_NON_LITERAL_NULL_CONVERSION = YES;
				CLANG_WARN_OBJC_IMPLICIT_RETAIN_SELF = YES;
				CLANG_WARN_OBJC_LITERAL_CONVERSION = YES;
				CLANG_WARN_OBJC_ROOT_CLASS = YES_ERROR;
				CLANG_WARN_QUOTED_INCLUDE_IN_FRAMEWORK_HEADER = YES;
				CLANG_WARN_RANGE_LOOP_ANALYSIS = YES;
				CLANG_WARN_STRICT_PROTOTYPES = YES;
				CLANG_WARN_SUSPICIOUS_MOVE = YES;
				CLANG_WARN_UNGUARDED_AVAILABILITY = YES_AGGRESSIVE;
				CLANG_WARN_UNREACHABLE_CODE = YES;
				CLANG_WARN__DUPLICATE_METHOD_MATCH = YES;
				COPY_PHASE_STRIP = NO;
				DEBUG_INFORMATION_FORMAT = dwarf;
				ENABLE_STRICT_OBJC_MSGSEND = YES;
				ENABLE_TESTABILITY = YES;
				ENABLE_USER_SCRIPT_SANDBOXING = YES;
				GCC_C_LANGUAGE_STANDARD = gnu17;
				GCC_DYNAMIC_NO_PIC = NO;
				GCC_NO_COMMON_BLOCKS = YES;
				GCC_OPTIMIZATION_LEVEL = 0;
				GCC_PREPROCESSOR_DEFINITIONS = (
					"DEBUG=1",
					"$(inherited)",
				);
				GCC_WARN_64_TO_32_BIT_CONVERSION = YES;
				GCC_WARN_ABOUT_RETURN_TYPE = YES_ERROR;
				GCC_WARN_UNDECLARED_SELECTOR = YES;
				GCC_WARN_UNINITIALIZED_AUTOS = YES_AGGRESSIVE;
				GCC_WARN_UNUSED_FUNCTION = YES;
				GCC_WARN_UNUSED_VARIABLE = YES;
				IPHONEOS_DEPLOYMENT_TARGET = 18.5;
				LOCALIZATION_PREFERS_STRING_CATALOGS = YES;
				MTL_ENABLE_DEBUG_INFO = INCLUDE_SOURCE;
				MTL_FAST_MATH = YES;
				ONLY_ACTIVE_ARCH = YES;
				SDKROOT = iphoneos;
				SWIFT_ACTIVE_COMPILATION_CONDITIONS = "DEBUG $(inherited)";
				SWIFT_OPTIMIZATION_LEVEL = "-Onone";
			};
			name = Debug;
		};
		4171A8742E203B5B0072A6EA /* Release */ = {
			isa = XCBuildConfiguration;
			buildSettings = {
				ALWAYS_SEARCH_USER_PATHS = NO;
				ASSETCATALOG_COMPILER_GENERATE_SWIFT_ASSET_SYMBOL_EXTENSIONS = YES;
				CLANG_ANALYZER_NONNULL = YES;
				CLANG_ANALYZER_NUMBER_OBJECT_CONVERSION = YES_AGGRESSIVE;
				CLANG_CXX_LANGUAGE_STANDARD = "gnu++20";
				CLANG_ENABLE_MODULES = YES;
				CLANG_ENABLE_OBJC_ARC = YES;
				CLANG_ENABLE_OBJC_WEAK = YES;
				CLANG_WARN_BLOCK_CAPTURE_AUTORELEASING = YES;
				CLANG_WARN_BOOL_CONVERSION = YES;
				CLANG_WARN_COMMA = YES;
				CLANG_WARN_CONSTANT_CONVERSION = YES;
				CLANG_WARN_DEPRECATED_OBJC_IMPLEMENTATIONS = YES;
				CLANG_WARN_DIRECT_OBJC_ISA_USAGE = YES_ERROR;
				CLANG_WARN_DOCUMENTATION_COMMENTS = YES;
				CLANG_WARN_EMPTY_BODY = YES;
				CLANG_WARN_ENUM_CONVERSION = YES;
				CLANG_WARN_INFINITE_RECURSION = YES;
				CLANG_WARN_INT_CONVERSION = YES;
				CLANG_WARN_NON_LITERAL_NULL_CONVERSION = YES;
				CLANG_WARN_OBJC_IMPLICIT_RETAIN_SELF = YES;
				CLANG_WARN_OBJC_LITERAL_CONVERSION = YES;
				CLANG_WARN_OBJC_ROOT_CLASS = YES_ERROR;
				CLANG_WARN_QUOTED_INCLUDE_IN_FRAMEWORK_HEADER = YES;
				CLANG_WARN_RANGE_LOOP_ANALYSIS = YES;
				CLANG_WARN_STRICT_PROTOTYPES = YES;
				CLANG_WARN_SUSPICIOUS_MOVE = YES;
				CLANG_WARN_UNGUARDED_AVAILABILITY = YES_AGGRESSIVE;
				CLANG_WARN_UNREACHABLE_CODE = YES;
				CLANG_WARN__DUPLICATE_METHOD_MATCH = YES;
				COPY_PHASE_STRIP = NO;
				DEBUG_INFORMATION_FORMAT = "dwarf-with-dsym";
				ENABLE_NS_ASSERTIONS = NO;
				ENABLE_STRICT_OBJC_MSGSEND = YES;
				ENABLE_USER_SCRIPT_SANDBOXING = YES;
				GCC_C_LANGUAGE_STANDARD = gnu17;
				GCC_NO_COMMON_BLOCKS = YES;
				GCC_WARN_64_TO_32_BIT_CONVERSION = YES;
				GCC_WARN_ABOUT_RETURN_TYPE = YES_ERROR;
				GCC_WARN_UNDECLARED_SELECTOR = YES;
				GCC_WARN_UNINITIALIZED_AUTOS = YES_AGGRESSIVE;
				GCC_WARN_UNUSED_FUNCTION = YES;
				GCC_WARN_UNUSED_VARIABLE = YES;
				IPHONEOS_DEPLOYMENT_TARGET = 18.5;
				LOCALIZATION_PREFERS_STRING_CATALOGS = YES;
				MTL_ENABLE_DEBUG_INFO = NO;
				MTL_FAST_MATH = YES;
				SDKROOT = iphoneos;
				SWIFT_COMPILATION_MODE = wholemodule;
				VALIDATE_PRODUCT = YES;
			};
			name = Release;
		};
		4171A8762E203B5B0072A6EA /* Debug */ = {
			isa = XCBuildConfiguration;
			buildSettings = {
				ASSETCATALOG_COMPILER_APPICON_NAME = AppIcon;
				ASSETCATALOG_COMPILER_GLOBAL_ACCENT_COLOR_NAME = AccentColor;
				CODE_SIGN_STYLE = Automatic;
				CURRENT_PROJECT_VERSION = 1;
				ENABLE_PREVIEWS = YES;
				GENERATE_INFOPLIST_FILE = YES;
				INFOPLIST_KEY_UIApplicationSceneManifest_Generation = YES;
				INFOPLIST_KEY_UIApplicationSupportsIndirectInputEvents = YES;
				INFOPLIST_KEY_UILaunchScreen_Generation = YES;
				INFOPLIST_KEY_UISupportedInterfaceOrientations_iPad = "UIInterfaceOrientationPortrait UIInterfaceOrientationPortraitUpsideDown UIInterfaceOrientationLandscapeLeft UIInterfaceOrientationLandscapeRight";
				INFOPLIST_KEY_UISupportedInterfaceOrientations_iPhone = "UIInterfaceOrientationPortrait UIInterfaceOrientationLandscapeLeft UIInterfaceOrientationLandscapeRight";
				LD_RUNPATH_SEARCH_PATHS = (
					"$(inherited)",
					"@executable_path/Frameworks",
				);
				MARKETING_VERSION = 1.0;
				PRODUCT_BUNDLE_IDENTIFIER = "Bh67--45bvxg.SimpleNote";
				PRODUCT_NAME = "$(TARGET_NAME)";
				SWIFT_EMIT_LOC_STRINGS = YES;
				SWIFT_VERSION = 5.0;
				TARGETED_DEVICE_FAMILY = "1,2";
			};
			name = Debug;
		};
		4171A8772E203B5B0072A6EA /* Release */ = {
			isa = XCBuildConfiguration;
			buildSettings = {
				ASSETCATALOG_COMPILER_APPICON_NAME = AppIcon;
				ASSETCATALOG_COMPILER_GLOBAL_ACCENT_COLOR_NAME = AccentColor;
				CODE_SIGN_STYLE = Automatic;
				CURRENT_PROJECT_VERSION = 1;
				ENABLE_PREVIEWS = YES;
				GENERATE_INFOPLIST_FILE = YES;
				INFOPLIST_KEY_UIApplicationSceneManifest_Generation = YES;
				INFOPLIST_KEY_UIApplicationSupportsIndirectInputEvents = YES;
				INFOPLIST_KEY_UILaunchScreen_Generation = YES;
				INFOPLIST_KEY_UISupportedInterfaceOrientations_iPad = "UIInterfaceOrientationPortrait UIInterfaceOrientationPortraitUpsideDown UIInterfaceOrientationLandscapeLeft UIInterfaceOrientationLandscapeRight";
				INFOPLIST_KEY_UISupportedInterfaceOrientations_iPhone = "UIInterfaceOrientationPortrait UIInterfaceOrientationLandscapeLeft UIInterfaceOrientationLandscapeRight";
				LD_RUNPATH_SEARCH_PATHS = (
					"$(inherited)",
					"@executable_path/Frameworks",
				);
				MARKETING_VERSION = 1.0;
				PRODUCT_BUNDLE_IDENTIFIER = "Bh67--45bvxg.SimpleNote";
				PRODUCT_NAME = "$(TARGET_NAME)";
				SWIFT_EMIT_LOC_STRINGS = YES;
				SWIFT_VERSION = 5.0;
				TARGETED_DEVICE_FAMILY = "1,2";
			};
			name = Release;
		};
		4171A8792E203B5B0072A6EA /* Debug */ = {
			isa = XCBuildConfiguration;
			buildSettings = {
				BUNDLE_LOADER = "$(TEST_HOST)";
				CODE_SIGN_STYLE = Automatic;
				CURRENT_PROJECT_VERSION = 1;
				GENERATE_INFOPLIST_FILE = YES;
				IPHONEOS_DEPLOYMENT_TARGET = 18.5;
				MARKETING_VERSION = 1.0;
				PRODUCT_BUNDLE_IDENTIFIER = "Bh67--45bvxg.SimpleNoteTests";
				PRODUCT_NAME = "$(TARGET_NAME)";
				SWIFT_EMIT_LOC_STRINGS = NO;
				SWIFT_VERSION = 5.0;
				TARGETED_DEVICE_FAMILY = "1,2";
				TEST_HOST = "$(BUILT_PRODUCTS_DIR)/SimpleNote.app/$(BUNDLE_EXECUTABLE_FOLDER_PATH)/SimpleNote";
			};
			name = Debug;
		};
		4171A87A2E203B5B0072A6EA /* Release */ = {
			isa = XCBuildConfiguration;
			buildSettings = {
				BUNDLE_LOADER = "$(TEST_HOST)";
				CODE_SIGN_STYLE = Automatic;
				CURRENT_PROJECT_VERSION = 1;
				GENERATE_INFOPLIST_FILE = YES;
				IPHONEOS_DEPLOYMENT_TARGET = 18.5;
				MARKETING_VERSION = 1.0;
				PRODUCT_BUNDLE_IDENTIFIER = "Bh67--45bvxg.SimpleNoteTests";
				PRODUCT_NAME = "$(TARGET_NAME)";
				SWIFT_EMIT_LOC_STRINGS = NO;
				SWIFT_VERSION = 5.0;
				TARGETED_DEVICE_FAMILY = "1,2";
				TEST_HOST = "$(BUILT_PRODUCTS_DIR)/SimpleNote.app/$(BUNDLE_EXECUTABLE_FOLDER_PATH)/SimpleNote";
			};
			name = Release;
		};
		4171A87C2E203B5B0072A6EA /* Debug */ = {
			isa = XCBuildConfiguration;
			buildSettings = {
				CODE_SIGN_STYLE = Automatic;
				CURRENT_PROJECT_VERSION = 1;
				GENERATE_INFOPLIST_FILE = YES;
				MARKETING_VERSION = 1.0;
				PRODUCT_BUNDLE_IDENTIFIER = "Bh67--45bvxg.SimpleNoteUITests";
				PRODUCT_NAME = "$(TARGET_NAME)";
				SWIFT_EMIT_LOC_STRINGS = NO;
				SWIFT_VERSION = 5.0;
				TARGETED_DEVICE_FAMILY = "1,2";
				TEST_TARGET_NAME = SimpleNote;
			};
			name = Debug;
		};
		4171A87D2E203B5B0072A6EA /* Release */ = {
			isa = XCBuildConfiguration;
			buildSettings = {
				CODE_SIGN_STYLE = Automatic;
				CURRENT_PROJECT_VERSION = 1;
				GENERATE_INFOPLIST_FILE = YES;
				MARKETING_VERSION = 1.0;
				PRODUCT_BUNDLE_IDENTIFIER = "Bh67--45bvxg.SimpleNoteUITests";
				PRODUCT_NAME = "$(TARGET_NAME)";
				SWIFT_EMIT_LOC_STRINGS = NO;
				SWIFT_VERSION = 5.0;
				TARGETED_DEVICE_FAMILY = "1,2";
				TEST_TARGET_NAME = SimpleNote;
			};
			name = Release;
		};
/* End XCBuildConfiguration section */

/* Begin XCConfigurationList section */
		4171A84F2E203B590072A6EA /* Build configuration list for PBXProject "SimpleNote" */ = {
			isa = XCConfigurationList;
			buildConfigurations = (
				4171A8732E203B5B0072A6EA /* Debug */,
				4171A8742E203B5B0072A6EA /* Release */,
			);
			defaultConfigurationIsVisible = 0;
			defaultConfigurationName = Release;
		};
		4171A8752E203B5B0072A6EA /* Build configuration list for PBXNativeTarget "SimpleNote" */ = {
			isa = XCConfigurationList;
			buildConfigurations = (
				4171A8762E203B5B0072A6EA /* Debug */,
				4171A8772E203B5B0072A6EA /* Release */,
			);
			defaultConfigurationIsVisible = 0;
			defaultConfigurationName = Release;
		};
		4171A8782E203B5B0072A6EA /* Build configuration list for PBXNativeTarget "SimpleNoteTests" */ = {
			isa = XCConfigurationList;
			buildConfigurations = (
				4171A8792E203B5B0072A6EA /* Debug */,
				4171A87A2E203B5B0072A6EA /* Release */,
			);
			defaultConfigurationIsVisible = 0;
			defaultConfigurationName = Release;
		};
		4171A87B2E203B5B0072A6EA /* Build configuration list for PBXNativeTarget "SimpleNoteUITests" */ = {
			isa = XCConfigurationList;
			buildConfigurations = (
				4171A87C2E203B5B0072A6EA /* Debug */,
				4171A87D2E203B5B0072A6EA /* Release */,
			);
			defaultConfigurationIsVisible = 0;
			defaultConfigurationName = Release;
		};
/* End XCConfigurationList section */
	};
	rootObject = 4171A84C2E203B590072A6EA /* Project object */;
}
